// !$*UTF8*$!
{
	archiveVersion = 1;
	classes = {
	};
	objectVersion = 56;
	objects = {

/* Begin PBXBuildFile section */
		3F35348D2AA4F79B00C8266E /* AppDelegate.swift in Sources */ = {isa = PBXBuildFile; fileRef = 3F35348C2AA4F79B00C8266E /* AppDelegate.swift */; };
		3F35348F2AA4F79B00C8266E /* SceneDelegate.swift in Sources */ = {isa = PBXBuildFile; fileRef = 3F35348E2AA4F79B00C8266E /* SceneDelegate.swift */; };
		3F3534912AA4F79B00C8266E /* ViewController.swift in Sources */ = {isa = PBXBuildFile; fileRef = 3F3534902AA4F79B00C8266E /* ViewController.swift */; };
		3F3534942AA4F79B00C8266E /* Main.storyboard in Resources */ = {isa = PBXBuildFile; fileRef = 3F3534922AA4F79B00C8266E /* Main.storyboard */; };
		3F3534962AA4F79C00C8266E /* Assets.xcassets in Resources */ = {isa = PBXBuildFile; fileRef = 3F3534952AA4F79C00C8266E /* Assets.xcassets */; };
		3F3534992AA4F79C00C8266E /* LaunchScreen.storyboard in Resources */ = {isa = PBXBuildFile; fileRef = 3F3534972AA4F79C00C8266E /* LaunchScreen.storyboard */; };
		3F3534A22AA4F84900C8266E /* lamp_off.png in Resources */ = {isa = PBXBuildFile; fileRef = 3F3534A02AA4F84900C8266E /* lamp_off.png */; };
		3F3534A32AA4F84900C8266E /* lamp_on.png in Resources */ = {isa = PBXBuildFile; fileRef = 3F3534A12AA4F84900C8266E /* lamp_on.png */; };
		3F3534A52AA4F88900C8266E /* ImageViewController.swift in Sources */ = {isa = PBXBuildFile; fileRef = 3F3534A42AA4F88900C8266E /* ImageViewController.swift */; };
		3F3534A72AA4F96700C8266E /* DateViewController.swift in Sources */ = {isa = PBXBuildFile; fileRef = 3F3534A62AA4F96700C8266E /* DateViewController.swift */; };
		3F3534A92AA4FAC500C8266E /* File.png in Resources */ = {isa = PBXBuildFile; fileRef = 3F3534A82AA4FAC500C8266E /* File.png */; };
		3F3534AB2AA4FC8D00C8266E /* SearchViewController.swift in Sources */ = {isa = PBXBuildFile; fileRef = 3F3534AA2AA4FC8D00C8266E /* SearchViewController.swift */; };
		3F3534B62AA4FDEF00C8266E /* 2.jpg in Resources */ = {isa = PBXBuildFile; fileRef = 3F3534AC2AA4FDEF00C8266E /* 2.jpg */; };
		3F3534B72AA4FDEF00C8266E /* 3.jpg in Resources */ = {isa = PBXBuildFile; fileRef = 3F3534AD2AA4FDEF00C8266E /* 3.jpg */; };
		3F3534B82AA4FDEF00C8266E /* 7.jpg in Resources */ = {isa = PBXBuildFile; fileRef = 3F3534AE2AA4FDEF00C8266E /* 7.jpg */; };
		3F3534B92AA4FDEF00C8266E /* 1.jpg in Resources */ = {isa = PBXBuildFile; fileRef = 3F3534AF2AA4FDEF00C8266E /* 1.jpg */; };
		3F3534BA2AA4FDEF00C8266E /* 4.jpg in Resources */ = {isa = PBXBuildFile; fileRef = 3F3534B02AA4FDEF00C8266E /* 4.jpg */; };
		3F3534BB2AA4FDEF00C8266E /* 5.jpg in Resources */ = {isa = PBXBuildFile; fileRef = 3F3534B12AA4FDEF00C8266E /* 5.jpg */; };
		3F3534BC2AA4FDEF00C8266E /* 8.jpg in Resources */ = {isa = PBXBuildFile; fileRef = 3F3534B22AA4FDEF00C8266E /* 8.jpg */; };
		3F3534BD2AA4FDEF00C8266E /* 9.jpg in Resources */ = {isa = PBXBuildFile; fileRef = 3F3534B32AA4FDEF00C8266E /* 9.jpg */; };
		3F3534BE2AA4FDEF00C8266E /* 10.jpg in Resources */ = {isa = PBXBuildFile; fileRef = 3F3534B42AA4FDEF00C8266E /* 10.jpg */; };
		3F3534BF2AA4FDEF00C8266E /* 6.jpg in Resources */ = {isa = PBXBuildFile; fileRef = 3F3534B52AA4FDEF00C8266E /* 6.jpg */; };
/* End PBXBuildFile section */

/* Begin PBXFileReference section */
		3F3534892AA4F79B00C8266E /* Tab.app */ = {isa = PBXFileReference; explicitFileType = wrapper.application; includeInIndex = 0; path = Tab.app; sourceTree = BUILT_PRODUCTS_DIR; };
		3F35348C2AA4F79B00C8266E /* AppDelegate.swift */ = {isa = PBXFileReference; lastKnownFileType = sourcecode.swift; path = AppDelegate.swift; sourceTree = "<group>"; };
		3F35348E2AA4F79B00C8266E /* SceneDelegate.swift */ = {isa = PBXFileReference; lastKnownFileType = sourcecode.swift; path = SceneDelegate.swift; sourceTree = "<group>"; };
		3F3534902AA4F79B00C8266E /* ViewController.swift */ = {isa = PBXFileReference; lastKnownFileType = sourcecode.swift; path = ViewController.swift; sourceTree = "<group>"; };
		3F3534932AA4F79B00C8266E /* Base */ = {isa = PBXFileReference; lastKnownFileType = file.storyboard; name = Base; path = Base.lproj/Main.storyboard; sourceTree = "<group>"; };
		3F3534952AA4F79C00C8266E /* Assets.xcassets */ = {isa = PBXFileReference; lastKnownFileType = folder.assetcatalog; path = Assets.xcassets; sourceTree = "<group>"; };
		3F3534982AA4F79C00C8266E /* Base */ = {isa = PBXFileReference; lastKnownFileType = file.storyboard; name = Base; path = Base.lproj/LaunchScreen.storyboard; sourceTree = "<group>"; };
		3F35349A2AA4F79C00C8266E /* Info.plist */ = {isa = PBXFileReference; lastKnownFileType = text.plist.xml; path = Info.plist; sourceTree = "<group>"; };
		3F3534A02AA4F84900C8266E /* lamp_off.png */ = {isa = PBXFileReference; lastKnownFileType = image.png; name = lamp_off.png; path = ../../../Day01/ImageView/ImageView/lamp_off.png; sourceTree = "<group>"; };
		3F3534A12AA4F84900C8266E /* lamp_on.png */ = {isa = PBXFileReference; lastKnownFileType = image.png; name = lamp_on.png; path = ../../../Day01/ImageView/ImageView/lamp_on.png; sourceTree = "<group>"; };
		3F3534A42AA4F88900C8266E /* ImageViewController.swift */ = {isa = PBXFileReference; fileEncoding = 4; lastKnownFileType = sourcecode.swift; name = ImageViewController.swift; path = ../../../Day01/ImageView/ImageView/ImageViewController.swift; sourceTree = "<group>"; };
		3F3534A62AA4F96700C8266E /* DateViewController.swift */ = {isa = PBXFileReference; fileEncoding = 4; lastKnownFileType = sourcecode.swift; name = DateViewController.swift; path = ../../../Day02/DatePicker/DatePicker/DateViewController.swift; sourceTree = "<group>"; };
		3F3534A82AA4FAC500C8266E /* File.png */ = {isa = PBXFileReference; lastKnownFileType = image.png; path = File.png; sourceTree = "<group>"; };
		3F3534AA2AA4FC8D00C8266E /* SearchViewController.swift */ = {isa = PBXFileReference; fileEncoding = 4; lastKnownFileType = sourcecode.swift; name = SearchViewController.swift; path = ../../../Day02/PickerView/PickerView/SearchViewController.swift; sourceTree = "<group>"; };
		3F3534AC2AA4FDEF00C8266E /* 2.jpg */ = {isa = PBXFileReference; lastKnownFileType = image.jpeg; name = 2.jpg; path = ../../../Day02/PickerView/PickerView/images/2.jpg; sourceTree = "<group>"; };
		3F3534AD2AA4FDEF00C8266E /* 3.jpg */ = {isa = PBXFileReference; lastKnownFileType = image.jpeg; name = 3.jpg; path = ../../../Day02/PickerView/PickerView/images/3.jpg; sourceTree = "<group>"; };
		3F3534AE2AA4FDEF00C8266E /* 7.jpg */ = {isa = PBXFileReference; lastKnownFileType = image.jpeg; name = 7.jpg; path = ../../../Day02/PickerView/PickerView/images/7.jpg; sourceTree = "<group>"; };
		3F3534AF2AA4FDEF00C8266E /* 1.jpg */ = {isa = PBXFileReference; lastKnownFileType = image.jpeg; name = 1.jpg; path = ../../../Day02/PickerView/PickerView/images/1.jpg; sourceTree = "<group>"; };
		3F3534B02AA4FDEF00C8266E /* 4.jpg */ = {isa = PBXFileReference; lastKnownFileType = image.jpeg; name = 4.jpg; path = ../../../Day02/PickerView/PickerView/images/4.jpg; sourceTree = "<group>"; };
		3F3534B12AA4FDEF00C8266E /* 5.jpg */ = {isa = PBXFileReference; lastKnownFileType = image.jpeg; name = 5.jpg; path = ../../../Day02/PickerView/PickerView/images/5.jpg; sourceTree = "<group>"; };
		3F3534B22AA4FDEF00C8266E /* 8.jpg */ = {isa = PBXFileReference; lastKnownFileType = image.jpeg; name = 8.jpg; path = ../../../Day02/PickerView/PickerView/images/8.jpg; sourceTree = "<group>"; };
		3F3534B32AA4FDEF00C8266E /* 9.jpg */ = {isa = PBXFileReference; lastKnownFileType = image.jpeg; name = 9.jpg; path = ../../../Day02/PickerView/PickerView/images/9.jpg; sourceTree = "<group>"; };
		3F3534B42AA4FDEF00C8266E /* 10.jpg */ = {isa = PBXFileReference; lastKnownFileType = image.jpeg; name = 10.jpg; path = ../../../Day02/PickerView/PickerView/images/10.jpg; sourceTree = "<group>"; };
		3F3534B52AA4FDEF00C8266E /* 6.jpg */ = {isa = PBXFileReference; lastKnownFileType = image.jpeg; name = 6.jpg; path = ../../../Day02/PickerView/PickerView/images/6.jpg; sourceTree = "<group>"; };
/* End PBXFileReference section */

/* Begin PBXFrameworksBuildPhase section */
		3F3534862AA4F79B00C8266E /* Frameworks */ = {
			isa = PBXFrameworksBuildPhase;
			buildActionMask = 2147483647;
			files = (
			);
			runOnlyForDeploymentPostprocessing = 0;
		};
/* End PBXFrameworksBuildPhase section */

/* Begin PBXGroup section */
		3F3534802AA4F79B00C8266E = {
			isa = PBXGroup;
			children = (
				3F35348B2AA4F79B00C8266E /* Tab */,
				3F35348A2AA4F79B00C8266E /* Products */,
			);
			sourceTree = "<group>";
		};
		3F35348A2AA4F79B00C8266E /* Products */ = {
			isa = PBXGroup;
			children = (
				3F3534892AA4F79B00C8266E /* Tab.app */,
			);
			name = Products;
			sourceTree = "<group>";
		};
		3F35348B2AA4F79B00C8266E /* Tab */ = {
			isa = PBXGroup;
			children = (
				3F3534A02AA4F84900C8266E /* lamp_off.png */,
				3F3534A12AA4F84900C8266E /* lamp_on.png */,
				3F3534A82AA4FAC500C8266E /* File.png */,
				3F3534AF2AA4FDEF00C8266E /* 1.jpg */,
				3F3534AC2AA4FDEF00C8266E /* 2.jpg */,
				3F3534AD2AA4FDEF00C8266E /* 3.jpg */,
				3F3534B02AA4FDEF00C8266E /* 4.jpg */,
				3F3534B12AA4FDEF00C8266E /* 5.jpg */,
				3F3534B52AA4FDEF00C8266E /* 6.jpg */,
				3F3534AE2AA4FDEF00C8266E /* 7.jpg */,
				3F3534B22AA4FDEF00C8266E /* 8.jpg */,
				3F3534B32AA4FDEF00C8266E /* 9.jpg */,
				3F3534B42AA4FDEF00C8266E /* 10.jpg */,
				3F35348C2AA4F79B00C8266E /* AppDelegate.swift */,
				3F35348E2AA4F79B00C8266E /* SceneDelegate.swift */,
				3F3534902AA4F79B00C8266E /* ViewController.swift */,
				3F3534A42AA4F88900C8266E /* ImageViewController.swift */,
				3F3534A62AA4F96700C8266E /* DateViewController.swift */,
				3F3534AA2AA4FC8D00C8266E /* SearchViewController.swift */,
				3F3534922AA4F79B00C8266E /* Main.storyboard */,
				3F3534952AA4F79C00C8266E /* Assets.xcassets */,
				3F3534972AA4F79C00C8266E /* LaunchScreen.storyboard */,
				3F35349A2AA4F79C00C8266E /* Info.plist */,
			);
			path = Tab;
			sourceTree = "<group>";
		};
/* End PBXGroup section */

/* Begin PBXNativeTarget section */
		3F3534882AA4F79B00C8266E /* Tab */ = {
			isa = PBXNativeTarget;
			buildConfigurationList = 3F35349D2AA4F79C00C8266E /* Build configuration list for PBXNativeTarget "Tab" */;
			buildPhases = (
				3F3534852AA4F79B00C8266E /* Sources */,
				3F3534862AA4F79B00C8266E /* Frameworks */,
				3F3534872AA4F79B00C8266E /* Resources */,
			);
			buildRules = (
			);
			dependencies = (
			);
			name = Tab;
			productName = Tab;
			productReference = 3F3534892AA4F79B00C8266E /* Tab.app */;
			productType = "com.apple.product-type.application";
		};
/* End PBXNativeTarget section */

/* Begin PBXProject section */
		3F3534812AA4F79B00C8266E /* Project object */ = {
			isa = PBXProject;
			attributes = {
				BuildIndependentTargetsInParallel = 1;
				LastSwiftUpdateCheck = 1430;
				LastUpgradeCheck = 1430;
				TargetAttributes = {
					3F3534882AA4F79B00C8266E = {
						CreatedOnToolsVersion = 14.3.1;
					};
				};
			};
			buildConfigurationList = 3F3534842AA4F79B00C8266E /* Build configuration list for PBXProject "Tab" */;
			compatibilityVersion = "Xcode 14.0";
			developmentRegion = en;
			hasScannedForEncodings = 0;
			knownRegions = (
				en,
				Base,
			);
			mainGroup = 3F3534802AA4F79B00C8266E;
			productRefGroup = 3F35348A2AA4F79B00C8266E /* Products */;
			projectDirPath = "";
			projectRoot = "";
			targets = (
				3F3534882AA4F79B00C8266E /* Tab */,
			);
		};
/* End PBXProject section */

/* Begin PBXResourcesBuildPhase section */
		3F3534872AA4F79B00C8266E /* Resources */ = {
			isa = PBXResourcesBuildPhase;
			buildActionMask = 2147483647;
			files = (
				3F3534BA2AA4FDEF00C8266E /* 4.jpg in Resources */,
				3F3534992AA4F79C00C8266E /* LaunchScreen.storyboard in Resources */,
				3F3534962AA4F79C00C8266E /* Assets.xcassets in Resources */,
				3F3534B62AA4FDEF00C8266E /* 2.jpg in Resources */,
				3F3534A32AA4F84900C8266E /* lamp_on.png in Resources */,
				3F3534BC2AA4FDEF00C8266E /* 8.jpg in Resources */,
				3F3534A92AA4FAC500C8266E /* File.png in Resources */,
				3F3534942AA4F79B00C8266E /* Main.storyboard in Resources */,
				3F3534B82AA4FDEF00C8266E /* 7.jpg in Resources */,
				3F3534BD2AA4FDEF00C8266E /* 9.jpg in Resources */,
				3F3534BF2AA4FDEF00C8266E /* 6.jpg in Resources */,
				3F3534BE2AA4FDEF00C8266E /* 10.jpg in Resources */,
				3F3534A22AA4F84900C8266E /* lamp_off.png in Resources */,
				3F3534BB2AA4FDEF00C8266E /* 5.jpg in Resources */,
				3F3534B72AA4FDEF00C8266E /* 3.jpg in Resources */,
				3F3534B92AA4FDEF00C8266E /* 1.jpg in Resources */,
			);
			runOnlyForDeploymentPostprocessing = 0;
		};
/* End PBXResourcesBuildPhase section */

/* Begin PBXSourcesBuildPhase section */
		3F3534852AA4F79B00C8266E /* Sources */ = {
			isa = PBXSourcesBuildPhase;
			buildActionMask = 2147483647;
			files = (
				3F3534A72AA4F96700C8266E /* DateViewController.swift in Sources */,
				3F3534912AA4F79B00C8266E /* ViewController.swift in Sources */,
				3F3534AB2AA4FC8D00C8266E /* SearchViewController.swift in Sources */,
				3F35348D2AA4F79B00C8266E /* AppDelegate.swift in Sources */,
				3F3534A52AA4F88900C8266E /* ImageViewController.swift in Sources */,
				3F35348F2AA4F79B00C8266E /* SceneDelegate.swift in Sources */,
			);
			runOnlyForDeploymentPostprocessing = 0;
		};
/* End PBXSourcesBuildPhase section */

/* Begin PBXVariantGroup section */
		3F3534922AA4F79B00C8266E /* Main.storyboard */ = {
			isa = PBXVariantGroup;
			children = (
				3F3534932AA4F79B00C8266E /* Base */,
			);
			name = Main.storyboard;
			sourceTree = "<group>";
		};
		3F3534972AA4F79C00C8266E /* LaunchScreen.storyboard */ = {
			isa = PBXVariantGroup;
			children = (
				3F3534982AA4F79C00C8266E /* Base */,
			);
			name = LaunchScreen.storyboard;
			sourceTree = "<group>";
		};
/* End PBXVariantGroup section */

/* Begin XCBuildConfiguration section */
		3F35349B2AA4F79C00C8266E /* Debug */ = {
			isa = XCBuildConfiguration;
			buildSettings = {
				ALWAYS_SEARCH_USER_PATHS = NO;
				CLANG_ANALYZER_NONNULL = YES;
				CLANG_ANALYZER_NUMBER_OBJECT_CONVERSION = YES_AGGRESSIVE;
				CLANG_CXX_LANGUAGE_STANDARD = "gnu++20";
				CLANG_ENABLE_MODULES = YES;
				CLANG_ENABLE_OBJC_ARC = YES;
				CLANG_ENABLE_OBJC_WEAK = YES;
				CLANG_WARN_BLOCK_CAPTURE_AUTORELEASING = YES;
				CLANG_WARN_BOOL_CONVERSION = YES;
				CLANG_WARN_COMMA = YES;
				CLANG_WARN_CONSTANT_CONVERSION = YES;
				CLANG_WARN_DEPRECATED_OBJC_IMPLEMENTATIONS = YES;
				CLANG_WARN_DIRECT_OBJC_ISA_USAGE = YES_ERROR;
				CLANG_WARN_DOCUMENTATION_COMMENTS = YES;
				CLANG_WARN_EMPTY_BODY = YES;
				CLANG_WARN_ENUM_CONVERSION = YES;
				CLANG_WARN_INFINITE_RECURSION = YES;
				CLANG_WARN_INT_CONVERSION = YES;
				CLANG_WARN_NON_LITERAL_NULL_CONVERSION = YES;
				CLANG_WARN_OBJC_IMPLICIT_RETAIN_SELF = YES;
				CLANG_WARN_OBJC_LITERAL_CONVERSION = YES;
				CLANG_WARN_OBJC_ROOT_CLASS = YES_ERROR;
				CLANG_WARN_QUOTED_INCLUDE_IN_FRAMEWORK_HEADER = YES;
				CLANG_WARN_RANGE_LOOP_ANALYSIS = YES;
				CLANG_WARN_STRICT_PROTOTYPES = YES;
				CLANG_WARN_SUSPICIOUS_MOVE = YES;
				CLANG_WARN_UNGUARDED_AVAILABILITY = YES_AGGRESSIVE;
				CLANG_WARN_UNREACHABLE_CODE = YES;
				CLANG_WARN__DUPLICATE_METHOD_MATCH = YES;
				COPY_PHASE_STRIP = NO;
				DEBUG_INFORMATION_FORMAT = dwarf;
				ENABLE_STRICT_OBJC_MSGSEND = YES;
				ENABLE_TESTABILITY = YES;
				GCC_C_LANGUAGE_STANDARD = gnu11;
				GCC_DYNAMIC_NO_PIC = NO;
				GCC_NO_COMMON_BLOCKS = YES;
				GCC_OPTIMIZATION_LEVEL = 0;
				GCC_PREPROCESSOR_DEFINITIONS = (
					"DEBUG=1",
					"$(inherited)",
				);
				GCC_WARN_64_TO_32_BIT_CONVERSION = YES;
				GCC_WARN_ABOUT_RETURN_TYPE = YES_ERROR;
				GCC_WARN_UNDECLARED_SELECTOR = YES;
				GCC_WARN_UNINITIALIZED_AUTOS = YES_AGGRESSIVE;
				GCC_WARN_UNUSED_FUNCTION = YES;
				GCC_WARN_UNUSED_VARIABLE = YES;
				IPHONEOS_DEPLOYMENT_TARGET = 16.4;
				MTL_ENABLE_DEBUG_INFO = INCLUDE_SOURCE;
				MTL_FAST_MATH = YES;
				ONLY_ACTIVE_ARCH = YES;
				SDKROOT = iphoneos;
				SWIFT_ACTIVE_COMPILATION_CONDITIONS = DEBUG;
				SWIFT_OPTIMIZATION_LEVEL = "-Onone";
			};
			name = Debug;
		};
		3F35349C2AA4F79C00C8266E /* Release */ = {
			isa = XCBuildConfiguration;
			buildSettings = {
				ALWAYS_SEARCH_USER_PATHS = NO;
				CLANG_ANALYZER_NONNULL = YES;
				CLANG_ANALYZER_NUMBER_OBJECT_CONVERSION = YES_AGGRESSIVE;
				CLANG_CXX_LANGUAGE_STANDARD = "gnu++20";
				CLANG_ENABLE_MODULES = YES;
				CLANG_ENABLE_OBJC_ARC = YES;
				CLANG_ENABLE_OBJC_WEAK = YES;
				CLANG_WARN_BLOCK_CAPTURE_AUTORELEASING = YES;
				CLANG_WARN_BOOL_CONVERSION = YES;
				CLANG_WARN_COMMA = YES;
				CLANG_WARN_CONSTANT_CONVERSION = YES;
				CLANG_WARN_DEPRECATED_OBJC_IMPLEMENTATIONS = YES;
				CLANG_WARN_DIRECT_OBJC_ISA_USAGE = YES_ERROR;
				CLANG_WARN_DOCUMENTATION_COMMENTS = YES;
				CLANG_WARN_EMPTY_BODY = YES;
				CLANG_WARN_ENUM_CONVERSION = YES;
				CLANG_WARN_INFINITE_RECURSION = YES;
				CLANG_WARN_INT_CONVERSION = YES;
				CLANG_WARN_NON_LITERAL_NULL_CONVERSION = YES;
				CLANG_WARN_OBJC_IMPLICIT_RETAIN_SELF = YES;
				CLANG_WARN_OBJC_LITERAL_CONVERSION = YES;
				CLANG_WARN_OBJC_ROOT_CLASS = YES_ERROR;
				CLANG_WARN_QUOTED_INCLUDE_IN_FRAMEWORK_HEADER = YES;
				CLANG_WARN_RANGE_LOOP_ANALYSIS = YES;
				CLANG_WARN_STRICT_PROTOTYPES = YES;
				CLANG_WARN_SUSPICIOUS_MOVE = YES;
				CLANG_WARN_UNGUARDED_AVAILABILITY = YES_AGGRESSIVE;
				CLANG_WARN_UNREACHABLE_CODE = YES;
				CLANG_WARN__DUPLICATE_METHOD_MATCH = YES;
				COPY_PHASE_STRIP = NO;
				DEBUG_INFORMATION_FORMAT = "dwarf-with-dsym";
				ENABLE_NS_ASSERTIONS = NO;
				ENABLE_STRICT_OBJC_MSGSEND = YES;
				GCC_C_LANGUAGE_STANDARD = gnu11;
				GCC_NO_COMMON_BLOCKS = YES;
				GCC_WARN_64_TO_32_BIT_CONVERSION = YES;
				GCC_WARN_ABOUT_RETURN_TYPE = YES_ERROR;
				GCC_WARN_UNDECLARED_SELECTOR = YES;
				GCC_WARN_UNINITIALIZED_AUTOS = YES_AGGRESSIVE;
				GCC_WARN_UNUSED_FUNCTION = YES;
				GCC_WARN_UNUSED_VARIABLE = YES;
				IPHONEOS_DEPLOYMENT_TARGET = 16.4;
				MTL_ENABLE_DEBUG_INFO = NO;
				MTL_FAST_MATH = YES;
				SDKROOT = iphoneos;
				SWIFT_COMPILATION_MODE = wholemodule;
				SWIFT_OPTIMIZATION_LEVEL = "-O";
				VALIDATE_PRODUCT = YES;
			};
			name = Release;
		};
		3F35349E2AA4F79C00C8266E /* Debug */ = {
			isa = XCBuildConfiguration;
			buildSettings = {
				ASSETCATALOG_COMPILER_APPICON_NAME = AppIcon;
				ASSETCATALOG_COMPILER_GLOBAL_ACCENT_COLOR_NAME = AccentColor;
				CODE_SIGN_STYLE = Automatic;
				CURRENT_PROJECT_VERSION = 1;
				GENERATE_INFOPLIST_FILE = YES;
				INFOPLIST_FILE = Tab/Info.plist;
				INFOPLIST_KEY_UIApplicationSupportsIndirectInputEvents = YES;
				INFOPLIST_KEY_UILaunchStoryboardName = LaunchScreen;
				INFOPLIST_KEY_UIMainStoryboardFile = Main;
				INFOPLIST_KEY_UISupportedInterfaceOrientations_iPad = "UIInterfaceOrientationPortrait UIInterfaceOrientationPortraitUpsideDown UIInterfaceOrientationLandscapeLeft UIInterfaceOrientationLandscapeRight";
				INFOPLIST_KEY_UISupportedInterfaceOrientations_iPhone = "UIInterfaceOrientationPortrait UIInterfaceOrientationLandscapeLeft UIInterfaceOrientationLandscapeRight";
				LD_RUNPATH_SEARCH_PATHS = (
					"$(inherited)",
					"@executable_path/Frameworks",
				);
				MARKETING_VERSION = 1.0;
				PRODUCT_BUNDLE_IDENTIFIER = com.gracekim.Tab;
				PRODUCT_NAME = "$(TARGET_NAME)";
				SWIFT_EMIT_LOC_STRINGS = YES;
				SWIFT_VERSION = 5.0;
				TARGETED_DEVICE_FAMILY = "1,2";
			};
			name = Debug;
		};
		3F35349F2AA4F79C00C8266E /* Release */ = {
			isa = XCBuildConfiguration;
			buildSettings = {
				ASSETCATALOG_COMPILER_APPICON_NAME = AppIcon;
				ASSETCATALOG_COMPILER_GLOBAL_ACCENT_COLOR_NAME = AccentColor;
				CODE_SIGN_STYLE = Automatic;
				CURRENT_PROJECT_VERSION = 1;
				GENERATE_INFOPLIST_FILE = YES;
				INFOPLIST_FILE = Tab/Info.plist;
				INFOPLIST_KEY_UIApplicationSupportsIndirectInputEvents = YES;
				INFOPLIST_KEY_UILaunchStoryboardName = LaunchScreen;
				INFOPLIST_KEY_UIMainStoryboardFile = Main;
				INFOPLIST_KEY_UISupportedInterfaceOrientations_iPad = "UIInterfaceOrientationPortrait UIInterfaceOrientationPortraitUpsideDown UIInterfaceOrientationLandscapeLeft UIInterfaceOrientationLandscapeRight";
				INFOPLIST_KEY_UISupportedInterfaceOrientations_iPhone = "UIInterfaceOrientationPortrait UIInterfaceOrientationLandscapeLeft UIInterfaceOrientationLandscapeRight";
				LD_RUNPATH_SEARCH_PATHS = (
					"$(inherited)",
					"@executable_path/Frameworks",
				);
				MARKETING_VERSION = 1.0;
				PRODUCT_BUNDLE_IDENTIFIER = com.gracekim.Tab;
				PRODUCT_NAME = "$(TARGET_NAME)";
				SWIFT_EMIT_LOC_STRINGS = YES;
				SWIFT_VERSION = 5.0;
				TARGETED_DEVICE_FAMILY = "1,2";
			};
			name = Release;
		};
/* End XCBuildConfiguration section */

/* Begin XCConfigurationList section */
		3F3534842AA4F79B00C8266E /* Build configuration list for PBXProject "Tab" */ = {
			isa = XCConfigurationList;
			buildConfigurations = (
				3F35349B2AA4F79C00C8266E /* Debug */,
				3F35349C2AA4F79C00C8266E /* Release */,
			);
			defaultConfigurationIsVisible = 0;
			defaultConfigurationName = Release;
		};
		3F35349D2AA4F79C00C8266E /* Build configuration list for PBXNativeTarget "Tab" */ = {
			isa = XCConfigurationList;
			buildConfigurations = (
				3F35349E2AA4F79C00C8266E /* Debug */,
				3F35349F2AA4F79C00C8266E /* Release */,
			);
			defaultConfigurationIsVisible = 0;
			defaultConfigurationName = Release;
		};
/* End XCConfigurationList section */
	};
	rootObject = 3F3534812AA4F79B00C8266E /* Project object */;
}
